{
  "name": "risque-rebecca",
  "version": "3.1.0",
  "lockfileVersion": 3,
  "requires": true,
  "packages": {
    "": {
      "name": "risque-rebecca",
      "version": "3.1.0",
      "dependencies": {
        "@vercel/blob": "2.8.1"
      },
      "engines": {
        "node": "22.x"
      }
    },
    "node_modules/@vercel/blob": {
      "version": "2.8.1",
      "resolved": "https://registry.npmjs.org/@vercel/blob/-/blob-2.8.1.tgz",
      "integrity": "sha512-QFX17sMRoBnPuNyHsQsY5GsYRg9HoE8yGKKbfB/V/JK9QuyQp10R5qeNntT6EgUJ4cQ3R+sH26n5l/LacfzzEw==",
      "license": "Apache-2.0",
      "dependencies": {
        "@vercel/oidc": "^3.6.1",
        "async-retry": "^1.3.3",
        "is-buffer": "^2.0.5",
        "is-node-process": "^1.2.0",
        "throttleit": "^2.1.0",
        "undici": "^6.23.0"
      },
      "engines": {
        "node": ">=20.0.0"
      }
    },
    "node_modules/@vercel/cli-config": {
      "version": "0.3.1",
      "resolved": "https://registry.npmjs.org/@vercel/cli-config/-/cli-config-0.3.1.tgz",
      "integrity": "sha512-sISbygqlFXYb8qfPu/+2Cf/A8IjrlAuZePdag3EDQr2PRA455s7UZtl9Ro674CWsB/saBRmz3jEkw0YsQs8OoQ==",
      "license": "Apache-2.0",
      "dependencies": {
        "xdg-app-paths": "5",
        "zod": "4.1.11"
      }
    },
    "node_modules/@vercel/cli-exec": {
      "version": "1.0.1",
      "resolved": "https://registry.npmjs.org/@vercel/cli-exec/-/cli-exec-1.0.1.tgz",
      "integrity": "sha512-g9XerViJ/paZujufXYcu5XYI2vU2rtB4sgdpjUHde5Rn¶»§q«^